Microsoft Visual Studio Solution File, Format Version 7.00
Project("{F184B08F-C81C-45F6-A57F-5ABD9991F28F}") = "sqlSDBC", "sqlSDBC.vbproj", "{B2C62F48-06D3-4A64-A159-B2F225C7CECA}"
EndProject
Global
	GlobalSection(SolutionConfiguration) = preSolution
		ConfigName.0 = Debug
		ConfigName.1 = Release
	EndGlobalSection
	GlobalSection(ProjectDependencies) = postSolution
	EndGlobalSection
	GlobalSection(ProjectConfiguration) = postSolution
		{B2C62F48-06D3-4A64-A159-B2F225C7CECA}.Debug.ActiveCfg = Debug|.NET
		{B2C62F48-06D3-4A64-A159-B2F225C7CECA}.Debug.Build.0 = Debug|.NET
		{B2C62F48-06D3-4A64-A159-B2F225C7CECA}.Release.ActiveCfg = Release|.NET
		{B2C62F48-06D3-4A64-A159-B2F225C7CECA}.Release.Build.0 = Release|.NET
	EndGlobalSection
	GlobalSection(ExtensibilityGlobals) = postSolution
	EndGlobalSection
	GlobalSection(ExtensibilityAddIns) = postSolution
	EndGlobalSection
EndGlobal
